// !$*UTF8*$!
{
	archiveVersion = 1;
	classes = {
	};
	objectVersion = 50;
	objects = {

/* Begin PBXBuildFile section */
		09DBE02626D111F900218F87 /* AppDelegate.swift in Sources */ = {isa = PBXBuildFile; fileRef = 09DBE02526D111F900218F87 /* AppDelegate.swift */; };
		09DBE02826D111F900218F87 /* SceneDelegate.swift in Sources */ = {isa = PBXBuildFile; fileRef = 09DBE02726D111F900218F87 /* SceneDelegate.swift */; };
		09DBE03026D111F900218F87 /* Kindergeld.xcdatamodeld in Sources */ = {isa = PBXBuildFile; fileRef = 09DBE02E26D111F900218F87 /* Kindergeld.xcdatamodeld */; };
		09DBE03226D111FE00218F87 /* Assets.xcassets in Resources */ = {isa = PBXBuildFile; fileRef = 09DBE03126D111FE00218F87 /* Assets.xcassets */; };
		09DBE03526D111FE00218F87 /* LaunchScreen.storyboard in Resources */ = {isa = PBXBuildFile; fileRef = 09DBE03326D111FE00218F87 /* LaunchScreen.storyboard */; };
		09DBE03D26D113B100218F87 /* StartVC.swift in Sources */ = {isa = PBXBuildFile; fileRef = 09DBE03C26D113B100218F87 /* StartVC.swift */; };
		09DBE04026D13DAD00218F87 /* InfoVC.swift in Sources */ = {isa = PBXBuildFile; fileRef = 09DBE03F26D13DAD00218F87 /* InfoVC.swift */; };
		09DBE04226D13F7200218F87 /* CustomTabBar.swift in Sources */ = {isa = PBXBuildFile; fileRef = 09DBE04126D13F7200218F87 /* CustomTabBar.swift */; };
		09DBE04426D15DA500218F87 /* PayDaysVC.swift in Sources */ = {isa = PBXBuildFile; fileRef = 09DBE04326D15DA500218F87 /* PayDaysVC.swift */; };
		09DBE04626D15DBA00218F87 /* FormVC.swift in Sources */ = {isa = PBXBuildFile; fileRef = 09DBE04526D15DBA00218F87 /* FormVC.swift */; };
		09DBE04826D15DD400218F87 /* SettingsVC.swift in Sources */ = {isa = PBXBuildFile; fileRef = 09DBE04726D15DD400218F87 /* SettingsVC.swift */; };
		09DBE04A26D15DF000218F87 /* OutputVC.swift in Sources */ = {isa = PBXBuildFile; fileRef = 09DBE04926D15DF000218F87 /* OutputVC.swift */; };
		09DBE04E26D2773A00218F87 /* moreInfoVC.swift in Sources */ = {isa = PBXBuildFile; fileRef = 09DBE04D26D2773A00218F87 /* moreInfoVC.swift */; };
		09DBE05126D29E6A00218F87 /* KGTextField.swift in Sources */ = {isa = PBXBuildFile; fileRef = 09DBE05026D29E6A00218F87 /* KGTextField.swift */; };
		09DBE05326D2A38A00218F87 /* KGButton.swift in Sources */ = {isa = PBXBuildFile; fileRef = 09DBE05226D2A38A00218F87 /* KGButton.swift */; };
/* End PBXBuildFile section */

/* Begin PBXFileReference section */
		09DBE02226D111F900218F87 /* Kindergeld.app */ = {isa = PBXFileReference; explicitFileType = wrapper.application; includeInIndex = 0; path = Kindergeld.app; sourceTree = BUILT_PRODUCTS_DIR; };
		09DBE02526D111F900218F87 /* AppDelegate.swift */ = {isa = PBXFileReference; lastKnownFileType = sourcecode.swift; path = AppDelegate.swift; sourceTree = "<group>"; };
		09DBE02726D111F900218F87 /* SceneDelegate.swift */ = {isa = PBXFileReference; lastKnownFileType = sourcecode.swift; path = SceneDelegate.swift; sourceTree = "<group>"; };
		09DBE02F26D111F900218F87 /* Kindergeld.xcdatamodel */ = {isa = PBXFileReference; lastKnownFileType = wrapper.xcdatamodel; path = Kindergeld.xcdatamodel; sourceTree = "<group>"; };
		09DBE03126D111FE00218F87 /* Assets.xcassets */ = {isa = PBXFileReference; lastKnownFileType = folder.assetcatalog; path = Assets.xcassets; sourceTree = "<group>"; };
		09DBE03426D111FE00218F87 /* Base */ = {isa = PBXFileReference; lastKnownFileType = file.storyboard; name = Base; path = Base.lproj/LaunchScreen.storyboard; sourceTree = "<group>"; };
		09DBE03626D111FE00218F87 /* Info.plist */ = {isa = PBXFileReference; lastKnownFileType = text.plist.xml; path = Info.plist; sourceTree = "<group>"; };
		09DBE03C26D113B100218F87 /* StartVC.swift */ = {isa = PBXFileReference; lastKnownFileType = sourcecode.swift; path = StartVC.swift; sourceTree = "<group>"; };
		09DBE03F26D13DAD00218F87 /* InfoVC.swift */ = {isa = PBXFileReference; lastKnownFileType = sourcecode.swift; path = InfoVC.swift; sourceTree = "<group>"; };
		09DBE04126D13F7200218F87 /* CustomTabBar.swift */ = {isa = PBXFileReference; lastKnownFileType = sourcecode.swift; path = CustomTabBar.swift; sourceTree = "<group>"; };
		09DBE04326D15DA500218F87 /* PayDaysVC.swift */ = {isa = PBXFileReference; lastKnownFileType = sourcecode.swift; path = PayDaysVC.swift; sourceTree = "<group>"; };
		09DBE04526D15DBA00218F87 /* FormVC.swift */ = {isa = PBXFileReference; lastKnownFileType = sourcecode.swift; path = FormVC.swift; sourceTree = "<group>"; };
		09DBE04726D15DD400218F87 /* SettingsVC.swift */ = {isa = PBXFileReference; lastKnownFileType = sourcecode.swift; path = SettingsVC.swift; sourceTree = "<group>"; };
		09DBE04926D15DF000218F87 /* OutputVC.swift */ = {isa = PBXFileReference; lastKnownFileType = sourcecode.swift; path = OutputVC.swift; sourceTree = "<group>"; };
		09DBE04D26D2773A00218F87 /* moreInfoVC.swift */ = {isa = PBXFileReference; lastKnownFileType = sourcecode.swift; path = moreInfoVC.swift; sourceTree = "<group>"; };
		09DBE05026D29E6A00218F87 /* KGTextField.swift */ = {isa = PBXFileReference; lastKnownFileType = sourcecode.swift; path = KGTextField.swift; sourceTree = "<group>"; };
		09DBE05226D2A38A00218F87 /* KGButton.swift */ = {isa = PBXFileReference; lastKnownFileType = sourcecode.swift; path = KGButton.swift; sourceTree = "<group>"; };
/* End PBXFileReference section */

/* Begin PBXFrameworksBuildPhase section */
		09DBE01F26D111F900218F87 /* Frameworks */ = {
			isa = PBXFrameworksBuildPhase;
			buildActionMask = 2147483647;
			files = (
			);
			runOnlyForDeploymentPostprocessing = 0;
		};
/* End PBXFrameworksBuildPhase section */

/* Begin PBXGroup section */
		09DBE01926D111F900218F87 = {
			isa = PBXGroup;
			children = (
				09DBE02426D111F900218F87 /* Kindergeld */,
				09DBE02326D111F900218F87 /* Products */,
			);
			sourceTree = "<group>";
		};
		09DBE02326D111F900218F87 /* Products */ = {
			isa = PBXGroup;
			children = (
				09DBE02226D111F900218F87 /* Kindergeld.app */,
			);
			name = Products;
			sourceTree = "<group>";
		};
		09DBE02426D111F900218F87 /* Kindergeld */ = {
			isa = PBXGroup;
			children = (
				09DBE04F26D29E3E00218F87 /* View */,
				09DBE03E26D13D4000218F87 /* Controller */,
				09DBE02526D111F900218F87 /* AppDelegate.swift */,
				09DBE02726D111F900218F87 /* SceneDelegate.swift */,
				09DBE03126D111FE00218F87 /* Assets.xcassets */,
				09DBE03326D111FE00218F87 /* LaunchScreen.storyboard */,
				09DBE03626D111FE00218F87 /* Info.plist */,
				09DBE02E26D111F900218F87 /* Kindergeld.xcdatamodeld */,
			);
			path = Kindergeld;
			sourceTree = "<group>";
		};
		09DBE03E26D13D4000218F87 /* Controller */ = {
			isa = PBXGroup;
			children = (
				09DBE03C26D113B100218F87 /* StartVC.swift */,
				09DBE03F26D13DAD00218F87 /* InfoVC.swift */,
				09DBE04126D13F7200218F87 /* CustomTabBar.swift */,
				09DBE04326D15DA500218F87 /* PayDaysVC.swift */,
				09DBE04526D15DBA00218F87 /* FormVC.swift */,
				09DBE04726D15DD400218F87 /* SettingsVC.swift */,
				09DBE04926D15DF000218F87 /* OutputVC.swift */,
				09DBE04D26D2773A00218F87 /* moreInfoVC.swift */,
			);
			path = Controller;
			sourceTree = "<group>";
		};
		09DBE04F26D29E3E00218F87 /* View */ = {
			isa = PBXGroup;
			children = (
				09DBE05026D29E6A00218F87 /* KGTextField.swift */,
				09DBE05226D2A38A00218F87 /* KGButton.swift */,
			);
			path = View;
			sourceTree = "<group>";
		};
/* End PBXGroup section */

/* Begin PBXNativeTarget section */
		09DBE02126D111F900218F87 /* Kindergeld */ = {
			isa = PBXNativeTarget;
			buildConfigurationList = 09DBE03926D111FE00218F87 /* Build configuration list for PBXNativeTarget "Kindergeld" */;
			buildPhases = (
				09DBE01E26D111F900218F87 /* Sources */,
				09DBE01F26D111F900218F87 /* Frameworks */,
				09DBE02026D111F900218F87 /* Resources */,
			);
			buildRules = (
			);
			dependencies = (
			);
			name = Kindergeld;
			productName = Kindergeld;
			productReference = 09DBE02226D111F900218F87 /* Kindergeld.app */;
			productType = "com.apple.product-type.application";
		};
/* End PBXNativeTarget section */

/* Begin PBXProject section */
		09DBE01A26D111F900218F87 /* Project object */ = {
			isa = PBXProject;
			attributes = {
				LastSwiftUpdateCheck = 1250;
				LastUpgradeCheck = 1250;
				TargetAttributes = {
					09DBE02126D111F900218F87 = {
						CreatedOnToolsVersion = 12.5.1;
					};
				};
			};
			buildConfigurationList = 09DBE01D26D111F900218F87 /* Build configuration list for PBXProject "Kindergeld" */;
			compatibilityVersion = "Xcode 9.3";
			developmentRegion = en;
			hasScannedForEncodings = 0;
			knownRegions = (
				en,
				Base,
			);
			mainGroup = 09DBE01926D111F900218F87;
			productRefGroup = 09DBE02326D111F900218F87 /* Products */;
			projectDirPath = "";
			projectRoot = "";
			targets = (
				09DBE02126D111F900218F87 /* Kindergeld */,
			);
		};
/* End PBXProject section */

/* Begin PBXResourcesBuildPhase section */
		09DBE02026D111F900218F87 /* Resources */ = {
			isa = PBXResourcesBuildPhase;
			buildActionMask = 2147483647;
			files = (
				09DBE03526D111FE00218F87 /* LaunchScreen.storyboard in Resources */,
				09DBE03226D111FE00218F87 /* Assets.xcassets in Resources */,
			);
			runOnlyForDeploymentPostprocessing = 0;
		};
/* End PBXResourcesBuildPhase section */

/* Begin PBXSourcesBuildPhase section */
		09DBE01E26D111F900218F87 /* Sources */ = {
			isa = PBXSourcesBuildPhase;
			buildActionMask = 2147483647;
			files = (
				09DBE03D26D113B100218F87 /* StartVC.swift in Sources */,
				09DBE04A26D15DF000218F87 /* OutputVC.swift in Sources */,
				09DBE04426D15DA500218F87 /* PayDaysVC.swift in Sources */,
				09DBE05126D29E6A00218F87 /* KGTextField.swift in Sources */,
				09DBE03026D111F900218F87 /* Kindergeld.xcdatamodeld in Sources */,
				09DBE02626D111F900218F87 /* AppDelegate.swift in Sources */,
				09DBE04626D15DBA00218F87 /* FormVC.swift in Sources */,
				09DBE02826D111F900218F87 /* SceneDelegate.swift in Sources */,
				09DBE04226D13F7200218F87 /* CustomTabBar.swift in Sources */,
				09DBE04026D13DAD00218F87 /* InfoVC.swift in Sources */,
				09DBE05326D2A38A00218F87 /* KGButton.swift in Sources */,
				09DBE04826D15DD400218F87 /* SettingsVC.swift in Sources */,
				09DBE04E26D2773A00218F87 /* moreInfoVC.swift in Sources */,
			);
			runOnlyForDeploymentPostprocessing = 0;
		};
/* End PBXSourcesBuildPhase section */

/* Begin PBXVariantGroup section */
		09DBE03326D111FE00218F87 /* LaunchScreen.storyboard */ = {
			isa = PBXVariantGroup;
			children = (
				09DBE03426D111FE00218F87 /* Base */,
			);
			name = LaunchScreen.storyboard;
			sourceTree = "<group>";
		};
/* End PBXVariantGroup section */

/* Begin XCBuildConfiguration section */
		09DBE03726D111FE00218F87 /* Debug */ = {
			isa = XCBuildConfiguration;
			buildSettings = {
				ALWAYS_SEARCH_USER_PATHS = NO;
				CLANG_ANALYZER_NONNULL = YES;
				CLANG_ANALYZER_NUMBER_OBJECT_CONVERSION = YES_AGGRESSIVE;
				CLANG_CXX_LANGUAGE_STANDARD = "gnu++14";
				CLANG_CXX_LIBRARY = "libc++";
				CLANG_ENABLE_MODULES = YES;
				CLANG_ENABLE_OBJC_ARC = YES;
				CLANG_ENABLE_OBJC_WEAK = YES;
				CLANG_WARN_BLOCK_CAPTURE_AUTORELEASING = YES;
				CLANG_WARN_BOOL_CONVERSION = YES;
				CLANG_WARN_COMMA = YES;
				CLANG_WARN_CONSTANT_CONVERSION = YES;
				CLANG_WARN_DEPRECATED_OBJC_IMPLEMENTATIONS = YES;
				CLANG_WARN_DIRECT_OBJC_ISA_USAGE = YES_ERROR;
				CLANG_WARN_DOCUMENTATION_COMMENTS = YES;
				CLANG_WARN_EMPTY_BODY = YES;
				CLANG_WARN_ENUM_CONVERSION = YES;
				CLANG_WARN_INFINITE_RECURSION = YES;
				CLANG_WARN_INT_CONVERSION = YES;
				CLANG_WARN_NON_LITERAL_NULL_CONVERSION = YES;
				CLANG_WARN_OBJC_IMPLICIT_RETAIN_SELF = YES;
				CLANG_WARN_OBJC_LITERAL_CONVERSION = YES;
				CLANG_WARN_OBJC_ROOT_CLASS = YES_ERROR;
				CLANG_WARN_QUOTED_INCLUDE_IN_FRAMEWORK_HEADER = YES;
				CLANG_WARN_RANGE_LOOP_ANALYSIS = YES;
				CLANG_WARN_STRICT_PROTOTYPES = YES;
				CLANG_WARN_SUSPICIOUS_MOVE = YES;
				CLANG_WARN_UNGUARDED_AVAILABILITY = YES_AGGRESSIVE;
				CLANG_WARN_UNREACHABLE_CODE = YES;
				CLANG_WARN__DUPLICATE_METHOD_MATCH = YES;
				COPY_PHASE_STRIP = NO;
				DEBUG_INFORMATION_FORMAT = dwarf;
				ENABLE_STRICT_OBJC_MSGSEND = YES;
				ENABLE_TESTABILITY = YES;
				GCC_C_LANGUAGE_STANDARD = gnu11;
				GCC_DYNAMIC_NO_PIC = NO;
				GCC_NO_COMMON_BLOCKS = YES;
				GCC_OPTIMIZATION_LEVEL = 0;
				GCC_PREPROCESSOR_DEFINITIONS = (
					"DEBUG=1",
					"$(inherited)",
				);
				GCC_WARN_64_TO_32_BIT_CONVERSION = YES;
				GCC_WARN_ABOUT_RETURN_TYPE = YES_ERROR;
				GCC_WARN_UNDECLARED_SELECTOR = YES;
				GCC_WARN_UNINITIALIZED_AUTOS = YES_AGGRESSIVE;
				GCC_WARN_UNUSED_FUNCTION = YES;
				GCC_WARN_UNUSED_VARIABLE = YES;
				IPHONEOS_DEPLOYMENT_TARGET = 14.5;
				MTL_ENABLE_DEBUG_INFO = INCLUDE_SOURCE;
				MTL_FAST_MATH = YES;
				ONLY_ACTIVE_ARCH = YES;
				SDKROOT = iphoneos;
				SWIFT_ACTIVE_COMPILATION_CONDITIONS = DEBUG;
				SWIFT_OPTIMIZATION_LEVEL = "-Onone";
			};
			name = Debug;
		};
		09DBE03826D111FE00218F87 /* Release */ = {
			isa = XCBuildConfiguration;
			buildSettings = {
				ALWAYS_SEARCH_USER_PATHS = NO;
				CLANG_ANALYZER_NONNULL = YES;
				CLANG_ANALYZER_NUMBER_OBJECT_CONVERSION = YES_AGGRESSIVE;
				CLANG_CXX_LANGUAGE_STANDARD = "gnu++14";
				CLANG_CXX_LIBRARY = "libc++";
				CLANG_ENABLE_MODULES = YES;
				CLANG_ENABLE_OBJC_ARC = YES;
				CLANG_ENABLE_OBJC_WEAK = YES;
				CLANG_WARN_BLOCK_CAPTURE_AUTORELEASING = YES;
				CLANG_WARN_BOOL_CONVERSION = YES;
				CLANG_WARN_COMMA = YES;
				CLANG_WARN_CONSTANT_CONVERSION = YES;
				CLANG_WARN_DEPRECATED_OBJC_IMPLEMENTATIONS = YES;
				CLANG_WARN_DIRECT_OBJC_ISA_USAGE = YES_ERROR;
				CLANG_WARN_DOCUMENTATION_COMMENTS = YES;
				CLANG_WARN_EMPTY_BODY = YES;
				CLANG_WARN_ENUM_CONVERSION = YES;
				CLANG_WARN_INFINITE_RECURSION = YES;
				CLANG_WARN_INT_CONVERSION = YES;
				CLANG_WARN_NON_LITERAL_NULL_CONVERSION = YES;
				CLANG_WARN_OBJC_IMPLICIT_RETAIN_SELF = YES;
				CLANG_WARN_OBJC_LITERAL_CONVERSION = YES;
				CLANG_WARN_OBJC_ROOT_CLASS = YES_ERROR;
				CLANG_WARN_QUOTED_INCLUDE_IN_FRAMEWORK_HEADER = YES;
				CLANG_WARN_RANGE_LOOP_ANALYSIS = YES;
				CLANG_WARN_STRICT_PROTOTYPES = YES;
				CLANG_WARN_SUSPICIOUS_MOVE = YES;
				CLANG_WARN_UNGUARDED_AVAILABILITY = YES_AGGRESSIVE;
				CLANG_WARN_UNREACHABLE_CODE = YES;
				CLANG_WARN__DUPLICATE_METHOD_MATCH = YES;
				COPY_PHASE_STRIP = NO;
				DEBUG_INFORMATION_FORMAT = "dwarf-with-dsym";
				ENABLE_NS_ASSERTIONS = NO;
				ENABLE_STRICT_OBJC_MSGSEND = YES;
				GCC_C_LANGUAGE_STANDARD = gnu11;
				GCC_NO_COMMON_BLOCKS = YES;
				GCC_WARN_64_TO_32_BIT_CONVERSION = YES;
				GCC_WARN_ABOUT_RETURN_TYPE = YES_ERROR;
				GCC_WARN_UNDECLARED_SELECTOR = YES;
				GCC_WARN_UNINITIALIZED_AUTOS = YES_AGGRESSIVE;
				GCC_WARN_UNUSED_FUNCTION = YES;
				GCC_WARN_UNUSED_VARIABLE = YES;
				IPHONEOS_DEPLOYMENT_TARGET = 14.5;
				MTL_ENABLE_DEBUG_INFO = NO;
				MTL_FAST_MATH = YES;
				SDKROOT = iphoneos;
				SWIFT_COMPILATION_MODE = wholemodule;
				SWIFT_OPTIMIZATION_LEVEL = "-O";
				VALIDATE_PRODUCT = YES;
			};
			name = Release;
		};
		09DBE03A26D111FE00218F87 /* Debug */ = {
			isa = XCBuildConfiguration;
			buildSettings = {
				ASSETCATALOG_COMPILER_APPICON_NAME = AppIcon;
				ASSETCATALOG_COMPILER_GLOBAL_ACCENT_COLOR_NAME = AccentColor;
				CODE_SIGN_STYLE = Automatic;
				DEVELOPMENT_TEAM = 2A24H4FJ3Q;
				INFOPLIST_FILE = Kindergeld/Info.plist;
				LD_RUNPATH_SEARCH_PATHS = (
					"$(inherited)",
					"@executable_path/Frameworks",
				);
				PRODUCT_BUNDLE_IDENTIFIER = com.varadzin.Kindergeld;
				PRODUCT_NAME = "$(TARGET_NAME)";
				SWIFT_VERSION = 5.0;
				TARGETED_DEVICE_FAMILY = 1;
			};
			name = Debug;
		};
		09DBE03B26D111FE00218F87 /* Release */ = {
			isa = XCBuildConfiguration;
			buildSettings = {
				ASSETCATALOG_COMPILER_APPICON_NAME = AppIcon;
				ASSETCATALOG_COMPILER_GLOBAL_ACCENT_COLOR_NAME = AccentColor;
				CODE_SIGN_STYLE = Automatic;
				DEVELOPMENT_TEAM = 2A24H4FJ3Q;
				INFOPLIST_FILE = Kindergeld/Info.plist;
				LD_RUNPATH_SEARCH_PATHS = (
					"$(inherited)",
					"@executable_path/Frameworks",
				);
				PRODUCT_BUNDLE_IDENTIFIER = com.varadzin.Kindergeld;
				PRODUCT_NAME = "$(TARGET_NAME)";
				SWIFT_VERSION = 5.0;
				TARGETED_DEVICE_FAMILY = 1;
			};
			name = Release;
		};
/* End XCBuildConfiguration section */

/* Begin XCConfigurationList section */
		09DBE01D26D111F900218F87 /* Build configuration list for PBXProject "Kindergeld" */ = {
			isa = XCConfigurationList;
			buildConfigurations = (
				09DBE03726D111FE00218F87 /* Debug */,
				09DBE03826D111FE00218F87 /* Release */,
			);
			defaultConfigurationIsVisible = 0;
			defaultConfigurationName = Release;
		};
		09DBE03926D111FE00218F87 /* Build configuration list for PBXNativeTarget "Kindergeld" */ = {
			isa = XCConfigurationList;
			buildConfigurations = (
				09DBE03A26D111FE00218F87 /* Debug */,
				09DBE03B26D111FE00218F87 /* Release */,
			);
			defaultConfigurationIsVisible = 0;
			defaultConfigurationName = Release;
		};
/* End XCConfigurationList section */

/* Begin XCVersionGroup section */
		09DBE02E26D111F900218F87 /* Kindergeld.xcdatamodeld */ = {
			isa = XCVersionGroup;
			children = (
				09DBE02F26D111F900218F87 /* Kindergeld.xcdatamodel */,
			);
			currentVersion = 09DBE02F26D111F900218F87 /* Kindergeld.xcdatamodel */;
			path = Kindergeld.xcdatamodeld;
			sourceTree = "<group>";
			versionGroupType = wrapper.xcdatamodel;
		};
/* End XCVersionGroup section */
	};
	rootObject = 09DBE01A26D111F900218F87 /* Project object */;
}
